
Microsoft Visual Studio Solution File, Format Version 12.00
# Visual Studio Version 17
VisualStudioVersion = 17.5.002.0
MinimumVisualStudioVersion = 10.0.40219.1
Project("{9A19103F-16F7-4668-BE54-9A1E7A4F7556}") = "day_01", "day_01\day_01.csproj", "{5DD934D8-AE34-48D7-80BA-78309D9FDDE7}"
EndProject
Project("{FAE04EC0-301F-11D3-BF4B-00C04F79EFBC}") = "day_02", "day_02\day_02.csproj", "{0BB61290-85EC-4ED2-A14A-447526C69C24}"
EndProject
Global
	GlobalSection(SolutionConfigurationPlatforms) = preSolution
		Debug|Any CPU = Debug|Any CPU
		Release|Any CPU = Release|Any CPU
	EndGlobalSection
	GlobalSection(ProjectConfigurationPlatforms) = postSolution
		{5DD934D8-AE34-48D7-80BA-78309D9FDDE7}.Debug|Any CPU.ActiveCfg = Debug|Any CPU
		{5DD934D8-AE34-48D7-80BA-78309D9FDDE7}.Debug|Any CPU.Build.0 = Debug|Any CPU
		{5DD934D8-AE34-48D7-80BA-78309D9FDDE7}.Release|Any CPU.ActiveCfg = Release|Any CPU
		{5DD934D8-AE34-48D7-80BA-78309D9FDDE7}.Release|Any CPU.Build.0 = Release|Any CPU
		{0BB61290-85EC-4ED2-A14A-447526C69C24}.Debug|Any CPU.ActiveCfg = Debug|Any CPU
		{0BB61290-85EC-4ED2-A14A-447526C69C24}.Debug|Any CPU.Build.0 = Debug|Any CPU
		{0BB61290-85EC-4ED2-A14A-447526C69C24}.Release|Any CPU.ActiveCfg = Release|Any CPU
		{0BB61290-85EC-4ED2-A14A-447526C69C24}.Release|Any CPU.Build.0 = Release|Any CPU
	EndGlobalSection
	GlobalSection(SolutionProperties) = preSolution
		HideSolutionNode = FALSE
	EndGlobalSection
	GlobalSection(ExtensibilityGlobals) = postSolution
		SolutionGuid = {AEF3851A-F25E-4D0A-BEBE-C75314DB5622}
	EndGlobalSection
EndGlobal
